
Microsoft Visual Studio Solution File, Format Version 12.00
Project("{FAE04EC0-301F-11D3-BF4B-00C04F79EFBC}") = "UI", "UI\UI.csproj", "{6A0C993C-D901-476E-8E45-4574747DD5DF}"
EndProject
Project("{FAE04EC0-301F-11D3-BF4B-00C04F79EFBC}") = "Utils", "Utils\Utils.csproj", "{A2576345-3737-46C4-8179-BEF317C0767B}"
EndProject
Project("{FAE04EC0-301F-11D3-BF4B-00C04F79EFBC}") = "Tests", "Tests\Tests.csproj", "{F74813A3-6E72-40DC-B911-6C50BC3F5078}"
EndProject
Project("{FAE04EC0-301F-11D3-BF4B-00C04F79EFBC}") = "Core", "Core\Core.csproj", "{BC6E3485-5A77-48D3-86B6-3ACCA2C30C4B}"
EndProject
Project("{FAE04EC0-301F-11D3-BF4B-00C04F79EFBC}") = "ForgeMacros", "ForgeMacros\ForgeMacros.csproj", "{FB83D61A-4208-4761-95F8-768BEEF64B63}"
EndProject
Global
	GlobalSection(SolutionConfigurationPlatforms) = preSolution
		Debug|Any CPU = Debug|Any CPU
		Release|Any CPU = Release|Any CPU
	EndGlobalSection
	GlobalSection(ProjectConfigurationPlatforms) = postSolution
		{6A0C993C-D901-476E-8E45-4574747DD5DF}.Debug|Any CPU.ActiveCfg = Debug|Any CPU
		{6A0C993C-D901-476E-8E45-4574747DD5DF}.Debug|Any CPU.Build.0 = Debug|Any CPU
		{6A0C993C-D901-476E-8E45-4574747DD5DF}.Release|Any CPU.ActiveCfg = Release|Any CPU
		{6A0C993C-D901-476E-8E45-4574747DD5DF}.Release|Any CPU.Build.0 = Release|Any CPU
		{A2576345-3737-46C4-8179-BEF317C0767B}.Debug|Any CPU.ActiveCfg = Debug|Any CPU
		{A2576345-3737-46C4-8179-BEF317C0767B}.Debug|Any CPU.Build.0 = Debug|Any CPU
		{A2576345-3737-46C4-8179-BEF317C0767B}.Release|Any CPU.ActiveCfg = Release|Any CPU
		{A2576345-3737-46C4-8179-BEF317C0767B}.Release|Any CPU.Build.0 = Release|Any CPU
		{F74813A3-6E72-40DC-B911-6C50BC3F5078}.Debug|Any CPU.ActiveCfg = Debug|Any CPU
		{F74813A3-6E72-40DC-B911-6C50BC3F5078}.Debug|Any CPU.Build.0 = Debug|Any CPU
		{F74813A3-6E72-40DC-B911-6C50BC3F5078}.Release|Any CPU.ActiveCfg = Release|Any CPU
		{F74813A3-6E72-40DC-B911-6C50BC3F5078}.Release|Any CPU.Build.0 = Release|Any CPU
		{BC6E3485-5A77-48D3-86B6-3ACCA2C30C4B}.Debug|Any CPU.ActiveCfg = Debug|Any CPU
		{BC6E3485-5A77-48D3-86B6-3ACCA2C30C4B}.Debug|Any CPU.Build.0 = Debug|Any CPU
		{BC6E3485-5A77-48D3-86B6-3ACCA2C30C4B}.Release|Any CPU.ActiveCfg = Release|Any CPU
		{BC6E3485-5A77-48D3-86B6-3ACCA2C30C4B}.Release|Any CPU.Build.0 = Release|Any CPU
		{FB83D61A-4208-4761-95F8-768BEEF64B63}.Debug|Any CPU.ActiveCfg = Debug|Any CPU
		{FB83D61A-4208-4761-95F8-768BEEF64B63}.Debug|Any CPU.Build.0 = Debug|Any CPU
		{FB83D61A-4208-4761-95F8-768BEEF64B63}.Release|Any CPU.ActiveCfg = Release|Any CPU
		{FB83D61A-4208-4761-95F8-768BEEF64B63}.Release|Any CPU.Build.0 = Release|Any CPU
	EndGlobalSection
EndGlobal
